
Microsoft Visual Studio Solution File, Format Version 12.00
Project("{FAE04EC0-301F-11D3-BF4B-00C04F79EFBC}") = "GomokuAI", "src\GomokuAI\GomokuAI.csproj", "{91A56DA5-167E-442D-A7C4-1D8014718E29}"
EndProject
Global
	GlobalSection(SolutionConfigurationPlatforms) = preSolution
		Debug|Any CPU = Debug|Any CPU
		Release|Any CPU = Release|Any CPU
	EndGlobalSection
	GlobalSection(ProjectConfigurationPlatforms) = postSolution
		{91A56DA5-167E-442D-A7C4-1D8014718E29}.Debug|Any CPU.ActiveCfg = Debug|Any CPU
		{91A56DA5-167E-442D-A7C4-1D8014718E29}.Debug|Any CPU.Build.0 = Debug|Any CPU
		{91A56DA5-167E-442D-A7C4-1D8014718E29}.Release|Any CPU.ActiveCfg = Release|Any CPU
		{91A56DA5-167E-442D-A7C4-1D8014718E29}.Release|Any CPU.Build.0 = Release|Any CPU
	EndGlobalSection
EndGlobal
